
Microsoft Visual Studio Solution File, Format Version 12.00
# Visual Studio Version 17
VisualStudioVersion = 17.6.33712.159
MinimumVisualStudioVersion = 10.0.40219.1
Project("{A99171F4-43ED-48FC-978B-9193EDE4E466}") = "file-io", "file-io.vrproj", "{38377979-1FCA-443C-AB21-5289BFE76C67}"
EndProject
Global
	GlobalSection(SolutionConfigurationPlatforms) = preSolution
		Debug|Any CPU = Debug|Any CPU
		Release|Any CPU = Release|Any CPU
	EndGlobalSection
	GlobalSection(ProjectConfigurationPlatforms) = postSolution
		{38377979-1FCA-443C-AB21-5289BFE76C67}.Debug|Any CPU.ActiveCfg = Debug|Any CPU
		{38377979-1FCA-443C-AB21-5289BFE76C67}.Debug|Any CPU.Build.0 = Debug|Any CPU
		{38377979-1FCA-443C-AB21-5289BFE76C67}.Release|Any CPU.ActiveCfg = Release|Any CPU
		{38377979-1FCA-443C-AB21-5289BFE76C67}.Release|Any CPU.Build.0 = Release|Any CPU
	EndGlobalSection
	GlobalSection(SolutionProperties) = preSolution
		HideSolutionNode = FALSE
	EndGlobalSection
	GlobalSection(ExtensibilityGlobals) = postSolution
		SolutionGuid = {00224AED-665C-4CF9-99EF-5D1333B15B99}
	EndGlobalSection
EndGlobal
